
Microsoft Visual Studio Solution File, Format Version 12.00
# Visual Studio Version 17
VisualStudioVersion = 17.7.34221.43
MinimumVisualStudioVersion = 10.0.40219.1
Project("{FAE04EC0-301F-11D3-BF4B-00C04F79EFBC}") = "SessionEndingHandler", "SessionEndingHandler\SessionEndingHandler.csproj", "{247F65E6-3D13-4AB1-A5A9-9BA53EAAA341}"
EndProject
Global
	GlobalSection(SolutionConfigurationPlatforms) = preSolution
		Debug|Any CPU = Debug|Any CPU
		Release|Any CPU = Release|Any CPU
	EndGlobalSection
	GlobalSection(ProjectConfigurationPlatforms) = postSolution
		{247F65E6-3D13-4AB1-A5A9-9BA53EAAA341}.Debug|Any CPU.ActiveCfg = Debug|Any CPU
		{247F65E6-3D13-4AB1-A5A9-9BA53EAAA341}.Debug|Any CPU.Build.0 = Debug|Any CPU
		{247F65E6-3D13-4AB1-A5A9-9BA53EAAA341}.Release|Any CPU.ActiveCfg = Release|Any CPU
		{247F65E6-3D13-4AB1-A5A9-9BA53EAAA341}.Release|Any CPU.Build.0 = Release|Any CPU
	EndGlobalSection
	GlobalSection(SolutionProperties) = preSolution
		HideSolutionNode = FALSE
	EndGlobalSection
	GlobalSection(ExtensibilityGlobals) = postSolution
		SolutionGuid = {6144B2D4-74E1-477A-8124-16D354828101}
	EndGlobalSection
EndGlobal
